// !$*UTF8*$!
{
	archiveVersion = 1;
	classes = {
	};
	objectVersion = 50;
	objects = {

/* Begin PBXBuildFile section */
		EE31A4A42562F64000429553 /* AppDelegate.swift in Sources */ = {isa = PBXBuildFile; fileRef = EE31A4A32562F64000429553 /* AppDelegate.swift */; };
		EE31A4A62562F64000429553 /* SceneDelegate.swift in Sources */ = {isa = PBXBuildFile; fileRef = EE31A4A52562F64000429553 /* SceneDelegate.swift */; };
		EE31A4A82562F64000429553 /* ViewController.swift in Sources */ = {isa = PBXBuildFile; fileRef = EE31A4A72562F64000429553 /* ViewController.swift */; };
		EE31A4AB2562F64000429553 /* Main.storyboard in Resources */ = {isa = PBXBuildFile; fileRef = EE31A4A92562F64000429553 /* Main.storyboard */; };
		EE31A4AD2562F64400429553 /* Assets.xcassets in Resources */ = {isa = PBXBuildFile; fileRef = EE31A4AC2562F64400429553 /* Assets.xcassets */; };
		EE31A4B02562F64400429553 /* LaunchScreen.storyboard in Resources */ = {isa = PBXBuildFile; fileRef = EE31A4AE2562F64400429553 /* LaunchScreen.storyboard */; };
		EE31A4BB2562F64500429553 /* NIT_2_1Tests.swift in Sources */ = {isa = PBXBuildFile; fileRef = EE31A4BA2562F64500429553 /* NIT_2_1Tests.swift */; };
		EE31A4C62562F64500429553 /* NIT_2_1UITests.swift in Sources */ = {isa = PBXBuildFile; fileRef = EE31A4C52562F64500429553 /* NIT_2_1UITests.swift */; };
/* End PBXBuildFile section */

/* Begin PBXContainerItemProxy section */
		EE31A4B72562F64500429553 /* PBXContainerItemProxy */ = {
			isa = PBXContainerItemProxy;
			containerPortal = EE31A4982562F64000429553 /* Project object */;
			proxyType = 1;
			remoteGlobalIDString = EE31A49F2562F64000429553;
			remoteInfo = NIT_2.1;
		};
		EE31A4C22562F64500429553 /* PBXContainerItemProxy */ = {
			isa = PBXContainerItemProxy;
			containerPortal = EE31A4982562F64000429553 /* Project object */;
			proxyType = 1;
			remoteGlobalIDString = EE31A49F2562F64000429553;
			remoteInfo = NIT_2.1;
		};
/* End PBXContainerItemProxy section */

/* Begin PBXFileReference section */
		EE31A4A02562F64000429553 /* NIT_2.1.app */ = {isa = PBXFileReference; explicitFileType = wrapper.application; includeInIndex = 0; path = NIT_2.1.app; sourceTree = BUILT_PRODUCTS_DIR; };
		EE31A4A32562F64000429553 /* AppDelegate.swift */ = {isa = PBXFileReference; lastKnownFileType = sourcecode.swift; path = AppDelegate.swift; sourceTree = "<group>"; };
		EE31A4A52562F64000429553 /* SceneDelegate.swift */ = {isa = PBXFileReference; lastKnownFileType = sourcecode.swift; path = SceneDelegate.swift; sourceTree = "<group>"; };
		EE31A4A72562F64000429553 /* ViewController.swift */ = {isa = PBXFileReference; lastKnownFileType = sourcecode.swift; path = ViewController.swift; sourceTree = "<group>"; };
		EE31A4AA2562F64000429553 /* Base */ = {isa = PBXFileReference; lastKnownFileType = file.storyboard; name = Base; path = Base.lproj/Main.storyboard; sourceTree = "<group>"; };
		EE31A4AC2562F64400429553 /* Assets.xcassets */ = {isa = PBXFileReference; lastKnownFileType = folder.assetcatalog; path = Assets.xcassets; sourceTree = "<group>"; };
		EE31A4AF2562F64400429553 /* Base */ = {isa = PBXFileReference; lastKnownFileType = file.storyboard; name = Base; path = Base.lproj/LaunchScreen.storyboard; sourceTree = "<group>"; };
		EE31A4B12562F64400429553 /* Info.plist */ = {isa = PBXFileReference; lastKnownFileType = text.plist.xml; path = Info.plist; sourceTree = "<group>"; };
		EE31A4B62562F64500429553 /* NIT_2.1Tests.xctest */ = {isa = PBXFileReference; explicitFileType = wrapper.cfbundle; includeInIndex = 0; path = NIT_2.1Tests.xctest; sourceTree = BUILT_PRODUCTS_DIR; };
		EE31A4BA2562F64500429553 /* NIT_2_1Tests.swift */ = {isa = PBXFileReference; lastKnownFileType = sourcecode.swift; path = NIT_2_1Tests.swift; sourceTree = "<group>"; };
		EE31A4BC2562F64500429553 /* Info.plist */ = {isa = PBXFileReference; lastKnownFileType = text.plist.xml; path = Info.plist; sourceTree = "<group>"; };
		EE31A4C12562F64500429553 /* NIT_2.1UITests.xctest */ = {isa = PBXFileReference; explicitFileType = wrapper.cfbundle; includeInIndex = 0; path = NIT_2.1UITests.xctest; sourceTree = BUILT_PRODUCTS_DIR; };
		EE31A4C52562F64500429553 /* NIT_2_1UITests.swift */ = {isa = PBXFileReference; lastKnownFileType = sourcecode.swift; path = NIT_2_1UITests.swift; sourceTree = "<group>"; };
		EE31A4C72562F64500429553 /* Info.plist */ = {isa = PBXFileReference; lastKnownFileType = text.plist.xml; path = Info.plist; sourceTree = "<group>"; };
/* End PBXFileReference section */

/* Begin PBXFrameworksBuildPhase section */
		EE31A49D2562F64000429553 /* Frameworks */ = {
			isa = PBXFrameworksBuildPhase;
			buildActionMask = 2147483647;
			files = (
			);
			runOnlyForDeploymentPostprocessing = 0;
		};
		EE31A4B32562F64500429553 /* Frameworks */ = {
			isa = PBXFrameworksBuildPhase;
			buildActionMask = 2147483647;
			files = (
			);
			runOnlyForDeploymentPostprocessing = 0;
		};
		EE31A4BE2562F64500429553 /* Frameworks */ = {
			isa = PBXFrameworksBuildPhase;
			buildActionMask = 2147483647;
			files = (
			);
			runOnlyForDeploymentPostprocessing = 0;
		};
/* End PBXFrameworksBuildPhase section */

/* Begin PBXGroup section */
		EE31A4972562F64000429553 = {
			isa = PBXGroup;
			children = (
				EE31A4A22562F64000429553 /* NIT_2.1 */,
				EE31A4B92562F64500429553 /* NIT_2.1Tests */,
				EE31A4C42562F64500429553 /* NIT_2.1UITests */,
				EE31A4A12562F64000429553 /* Products */,
			);
			sourceTree = "<group>";
		};
		EE31A4A12562F64000429553 /* Products */ = {
			isa = PBXGroup;
			children = (
				EE31A4A02562F64000429553 /* NIT_2.1.app */,
				EE31A4B62562F64500429553 /* NIT_2.1Tests.xctest */,
				EE31A4C12562F64500429553 /* NIT_2.1UITests.xctest */,
			);
			name = Products;
			sourceTree = "<group>";
		};
		EE31A4A22562F64000429553 /* NIT_2.1 */ = {
			isa = PBXGroup;
			children = (
				EE31A4A32562F64000429553 /* AppDelegate.swift */,
				EE31A4A52562F64000429553 /* SceneDelegate.swift */,
				EE31A4A72562F64000429553 /* ViewController.swift */,
				EE31A4A92562F64000429553 /* Main.storyboard */,
				EE31A4AC2562F64400429553 /* Assets.xcassets */,
				EE31A4AE2562F64400429553 /* LaunchScreen.storyboard */,
				EE31A4B12562F64400429553 /* Info.plist */,
			);
			path = NIT_2.1;
			sourceTree = "<group>";
		};
		EE31A4B92562F64500429553 /* NIT_2.1Tests */ = {
			isa = PBXGroup;
			children = (
				EE31A4BA2562F64500429553 /* NIT_2_1Tests.swift */,
				EE31A4BC2562F64500429553 /* Info.plist */,
			);
			path = NIT_2.1Tests;
			sourceTree = "<group>";
		};
		EE31A4C42562F64500429553 /* NIT_2.1UITests */ = {
			isa = PBXGroup;
			children = (
				EE31A4C52562F64500429553 /* NIT_2_1UITests.swift */,
				EE31A4C72562F64500429553 /* Info.plist */,
			);
			path = NIT_2.1UITests;
			sourceTree = "<group>";
		};
/* End PBXGroup section */

/* Begin PBXNativeTarget section */
		EE31A49F2562F64000429553 /* NIT_2.1 */ = {
			isa = PBXNativeTarget;
			buildConfigurationList = EE31A4CA2562F64500429553 /* Build configuration list for PBXNativeTarget "NIT_2.1" */;
			buildPhases = (
				EE31A49C2562F64000429553 /* Sources */,
				EE31A49D2562F64000429553 /* Frameworks */,
				EE31A49E2562F64000429553 /* Resources */,
			);
			buildRules = (
			);
			dependencies = (
			);
			name = NIT_2.1;
			productName = NIT_2.1;
			productReference = EE31A4A02562F64000429553 /* NIT_2.1.app */;
			productType = "com.apple.product-type.application";
		};
		EE31A4B52562F64500429553 /* NIT_2.1Tests */ = {
			isa = PBXNativeTarget;
			buildConfigurationList = EE31A4CD2562F64500429553 /* Build configuration list for PBXNativeTarget "NIT_2.1Tests" */;
			buildPhases = (
				EE31A4B22562F64500429553 /* Sources */,
				EE31A4B32562F64500429553 /* Frameworks */,
				EE31A4B42562F64500429553 /* Resources */,
			);
			buildRules = (
			);
			dependencies = (
				EE31A4B82562F64500429553 /* PBXTargetDependency */,
			);
			name = NIT_2.1Tests;
			productName = NIT_2.1Tests;
			productReference = EE31A4B62562F64500429553 /* NIT_2.1Tests.xctest */;
			productType = "com.apple.product-type.bundle.unit-test";
		};
		EE31A4C02562F64500429553 /* NIT_2.1UITests */ = {
			isa = PBXNativeTarget;
			buildConfigurationList = EE31A4D02562F64500429553 /* Build configuration list for PBXNativeTarget "NIT_2.1UITests" */;
			buildPhases = (
				EE31A4BD2562F64500429553 /* Sources */,
				EE31A4BE2562F64500429553 /* Frameworks */,
				EE31A4BF2562F64500429553 /* Resources */,
			);
			buildRules = (
			);
			dependencies = (
				EE31A4C32562F64500429553 /* PBXTargetDependency */,
			);
			name = NIT_2.1UITests;
			productName = NIT_2.1UITests;
			productReference = EE31A4C12562F64500429553 /* NIT_2.1UITests.xctest */;
			productType = "com.apple.product-type.bundle.ui-testing";
		};
/* End PBXNativeTarget section */

/* Begin PBXProject section */
		EE31A4982562F64000429553 /* Project object */ = {
			isa = PBXProject;
			attributes = {
				LastSwiftUpdateCheck = 1200;
				LastUpgradeCheck = 1200;
				TargetAttributes = {
					EE31A49F2562F64000429553 = {
						CreatedOnToolsVersion = 12.0.1;
					};
					EE31A4B52562F64500429553 = {
						CreatedOnToolsVersion = 12.0.1;
						TestTargetID = EE31A49F2562F64000429553;
					};
					EE31A4C02562F64500429553 = {
						CreatedOnToolsVersion = 12.0.1;
						TestTargetID = EE31A49F2562F64000429553;
					};
				};
			};
			buildConfigurationList = EE31A49B2562F64000429553 /* Build configuration list for PBXProject "NIT_2.1" */;
			compatibilityVersion = "Xcode 9.3";
			developmentRegion = en;
			hasScannedForEncodings = 0;
			knownRegions = (
				en,
				Base,
			);
			mainGroup = EE31A4972562F64000429553;
			productRefGroup = EE31A4A12562F64000429553 /* Products */;
			projectDirPath = "";
			projectRoot = "";
			targets = (
				EE31A49F2562F64000429553 /* NIT_2.1 */,
				EE31A4B52562F64500429553 /* NIT_2.1Tests */,
				EE31A4C02562F64500429553 /* NIT_2.1UITests */,
			);
		};
/* End PBXProject section */

/* Begin PBXResourcesBuildPhase section */
		EE31A49E2562F64000429553 /* Resources */ = {
			isa = PBXResourcesBuildPhase;
			buildActionMask = 2147483647;
			files = (
				EE31A4B02562F64400429553 /* LaunchScreen.storyboard in Resources */,
				EE31A4AD2562F64400429553 /* Assets.xcassets in Resources */,
				EE31A4AB2562F64000429553 /* Main.storyboard in Resources */,
			);
			runOnlyForDeploymentPostprocessing = 0;
		};
		EE31A4B42562F64500429553 /* Resources */ = {
			isa = PBXResourcesBuildPhase;
			buildActionMask = 2147483647;
			files = (
			);
			runOnlyForDeploymentPostprocessing = 0;
		};
		EE31A4BF2562F64500429553 /* Resources */ = {
			isa = PBXResourcesBuildPhase;
			buildActionMask = 2147483647;
			files = (
			);
			runOnlyForDeploymentPostprocessing = 0;
		};
/* End PBXResourcesBuildPhase section */

/* Begin PBXSourcesBuildPhase section */
		EE31A49C2562F64000429553 /* Sources */ = {
			isa = PBXSourcesBuildPhase;
			buildActionMask = 2147483647;
			files = (
				EE31A4A82562F64000429553 /* ViewController.swift in Sources */,
				EE31A4A42562F64000429553 /* AppDelegate.swift in Sources */,
				EE31A4A62562F64000429553 /* SceneDelegate.swift in Sources */,
			);
			runOnlyForDeploymentPostprocessing = 0;
		};
		EE31A4B22562F64500429553 /* Sources */ = {
			isa = PBXSourcesBuildPhase;
			buildActionMask = 2147483647;
			files = (
				EE31A4BB2562F64500429553 /* NIT_2_1Tests.swift in Sources */,
			);
			runOnlyForDeploymentPostprocessing = 0;
		};
		EE31A4BD2562F64500429553 /* Sources */ = {
			isa = PBXSourcesBuildPhase;
			buildActionMask = 2147483647;
			files = (
				EE31A4C62562F64500429553 /* NIT_2_1UITests.swift in Sources */,
			);
			runOnlyForDeploymentPostprocessing = 0;
		};
/* End PBXSourcesBuildPhase section */

/* Begin PBXTargetDependency section */
		EE31A4B82562F64500429553 /* PBXTargetDependency */ = {
			isa = PBXTargetDependency;
			target = EE31A49F2562F64000429553 /* NIT_2.1 */;
			targetProxy = EE31A4B72562F64500429553 /* PBXContainerItemProxy */;
		};
		EE31A4C32562F64500429553 /* PBXTargetDependency */ = {
			isa = PBXTargetDependency;
			target = EE31A49F2562F64000429553 /* NIT_2.1 */;
			targetProxy = EE31A4C22562F64500429553 /* PBXContainerItemProxy */;
		};
/* End PBXTargetDependency section */

/* Begin PBXVariantGroup section */
		EE31A4A92562F64000429553 /* Main.storyboard */ = {
			isa = PBXVariantGroup;
			children = (
				EE31A4AA2562F64000429553 /* Base */,
			);
			name = Main.storyboard;
			sourceTree = "<group>";
		};
		EE31A4AE2562F64400429553 /* LaunchScreen.storyboard */ = {
			isa = PBXVariantGroup;
			children = (
				EE31A4AF2562F64400429553 /* Base */,
			);
			name = LaunchScreen.storyboard;
			sourceTree = "<group>";
		};
/* End PBXVariantGroup section */

/* Begin XCBuildConfiguration section */
		EE31A4C82562F64500429553 /* Debug */ = {
			isa = XCBuildConfiguration;
			buildSettings = {
				ALWAYS_SEARCH_USER_PATHS = NO;
				CLANG_ANALYZER_NONNULL = YES;
				CLANG_ANALYZER_NUMBER_OBJECT_CONVERSION = YES_AGGRESSIVE;
				CLANG_CXX_LANGUAGE_STANDARD = "gnu++14";
				CLANG_CXX_LIBRARY = "libc++";
				CLANG_ENABLE_MODULES = YES;
				CLANG_ENABLE_OBJC_ARC = YES;
				CLANG_ENABLE_OBJC_WEAK = YES;
				CLANG_WARN_BLOCK_CAPTURE_AUTORELEASING = YES;
				CLANG_WARN_BOOL_CONVERSION = YES;
				CLANG_WARN_COMMA = YES;
				CLANG_WARN_CONSTANT_CONVERSION = YES;
				CLANG_WARN_DEPRECATED_OBJC_IMPLEMENTATIONS = YES;
				CLANG_WARN_DIRECT_OBJC_ISA_USAGE = YES_ERROR;
				CLANG_WARN_DOCUMENTATION_COMMENTS = YES;
				CLANG_WARN_EMPTY_BODY = YES;
				CLANG_WARN_ENUM_CONVERSION = YES;
				CLANG_WARN_INFINITE_RECURSION = YES;
				CLANG_WARN_INT_CONVERSION = YES;
				CLANG_WARN_NON_LITERAL_NULL_CONVERSION = YES;
				CLANG_WARN_OBJC_IMPLICIT_RETAIN_SELF = YES;
				CLANG_WARN_OBJC_LITERAL_CONVERSION = YES;
				CLANG_WARN_OBJC_ROOT_CLASS = YES_ERROR;
				CLANG_WARN_QUOTED_INCLUDE_IN_FRAMEWORK_HEADER = YES;
				CLANG_WARN_RANGE_LOOP_ANALYSIS = YES;
				CLANG_WARN_STRICT_PROTOTYPES = YES;
				CLANG_WARN_SUSPICIOUS_MOVE = YES;
				CLANG_WARN_UNGUARDED_AVAILABILITY = YES_AGGRESSIVE;
				CLANG_WARN_UNREACHABLE_CODE = YES;
				CLANG_WARN__DUPLICATE_METHOD_MATCH = YES;
				COPY_PHASE_STRIP = NO;
				DEBUG_INFORMATION_FORMAT = dwarf;
				ENABLE_STRICT_OBJC_MSGSEND = YES;
				ENABLE_TESTABILITY = YES;
				GCC_C_LANGUAGE_STANDARD = gnu11;
				GCC_DYNAMIC_NO_PIC = NO;
				GCC_NO_COMMON_BLOCKS = YES;
				GCC_OPTIMIZATION_LEVEL = 0;
				GCC_PREPROCESSOR_DEFINITIONS = (
					"DEBUG=1",
					"$(inherited)",
				);
				GCC_WARN_64_TO_32_BIT_CONVERSION = YES;
				GCC_WARN_ABOUT_RETURN_TYPE = YES_ERROR;
				GCC_WARN_UNDECLARED_SELECTOR = YES;
				GCC_WARN_UNINITIALIZED_AUTOS = YES_AGGRESSIVE;
				GCC_WARN_UNUSED_FUNCTION = YES;
				GCC_WARN_UNUSED_VARIABLE = YES;
				IPHONEOS_DEPLOYMENT_TARGET = 14.0;
				MTL_ENABLE_DEBUG_INFO = INCLUDE_SOURCE;
				MTL_FAST_MATH = YES;
				ONLY_ACTIVE_ARCH = YES;
				SDKROOT = iphoneos;
				SWIFT_ACTIVE_COMPILATION_CONDITIONS = DEBUG;
				SWIFT_OPTIMIZATION_LEVEL = "-Onone";
			};
			name = Debug;
		};
		EE31A4C92562F64500429553 /* Release */ = {
			isa = XCBuildConfiguration;
			buildSettings = {
				ALWAYS_SEARCH_USER_PATHS = NO;
				CLANG_ANALYZER_NONNULL = YES;
				CLANG_ANALYZER_NUMBER_OBJECT_CONVERSION = YES_AGGRESSIVE;
				CLANG_CXX_LANGUAGE_STANDARD = "gnu++14";
				CLANG_CXX_LIBRARY = "libc++";
				CLANG_ENABLE_MODULES = YES;
				CLANG_ENABLE_OBJC_ARC = YES;
				CLANG_ENABLE_OBJC_WEAK = YES;
				CLANG_WARN_BLOCK_CAPTURE_AUTORELEASING = YES;
				CLANG_WARN_BOOL_CONVERSION = YES;
				CLANG_WARN_COMMA = YES;
				CLANG_WARN_CONSTANT_CONVERSION = YES;
				CLANG_WARN_DEPRECATED_OBJC_IMPLEMENTATIONS = YES;
				CLANG_WARN_DIRECT_OBJC_ISA_USAGE = YES_ERROR;
				CLANG_WARN_DOCUMENTATION_COMMENTS = YES;
				CLANG_WARN_EMPTY_BODY = YES;
				CLANG_WARN_ENUM_CONVERSION = YES;
				CLANG_WARN_INFINITE_RECURSION = YES;
				CLANG_WARN_INT_CONVERSION = YES;
				CLANG_WARN_NON_LITERAL_NULL_CONVERSION = YES;
				CLANG_WARN_OBJC_IMPLICIT_RETAIN_SELF = YES;
				CLANG_WARN_OBJC_LITERAL_CONVERSION = YES;
				CLANG_WARN_OBJC_ROOT_CLASS = YES_ERROR;
				CLANG_WARN_QUOTED_INCLUDE_IN_FRAMEWORK_HEADER = YES;
				CLANG_WARN_RANGE_LOOP_ANALYSIS = YES;
				CLANG_WARN_STRICT_PROTOTYPES = YES;
				CLANG_WARN_SUSPICIOUS_MOVE = YES;
				CLANG_WARN_UNGUARDED_AVAILABILITY = YES_AGGRESSIVE;
				CLANG_WARN_UNREACHABLE_CODE = YES;
				CLANG_WARN__DUPLICATE_METHOD_MATCH = YES;
				COPY_PHASE_STRIP = NO;
				DEBUG_INFORMATION_FORMAT = "dwarf-with-dsym";
				ENABLE_NS_ASSERTIONS = NO;
				ENABLE_STRICT_OBJC_MSGSEND = YES;
				GCC_C_LANGUAGE_STANDARD = gnu11;
				GCC_NO_COMMON_BLOCKS = YES;
				GCC_WARN_64_TO_32_BIT_CONVERSION = YES;
				GCC_WARN_ABOUT_RETURN_TYPE = YES_ERROR;
				GCC_WARN_UNDECLARED_SELECTOR = YES;
				GCC_WARN_UNINITIALIZED_AUTOS = YES_AGGRESSIVE;
				GCC_WARN_UNUSED_FUNCTION = YES;
				GCC_WARN_UNUSED_VARIABLE = YES;
				IPHONEOS_DEPLOYMENT_TARGET = 14.0;
				MTL_ENABLE_DEBUG_INFO = NO;
				MTL_FAST_MATH = YES;
				SDKROOT = iphoneos;
				SWIFT_COMPILATION_MODE = wholemodule;
				SWIFT_OPTIMIZATION_LEVEL = "-O";
				VALIDATE_PRODUCT = YES;
			};
			name = Release;
		};
		EE31A4CB2562F64500429553 /* Debug */ = {
			isa = XCBuildConfiguration;
			buildSettings = {
				ASSETCATALOG_COMPILER_APPICON_NAME = AppIcon;
				ASSETCATALOG_COMPILER_GLOBAL_ACCENT_COLOR_NAME = AccentColor;
				CODE_SIGN_STYLE = Automatic;
				INFOPLIST_FILE = NIT_2.1/Info.plist;
				LD_RUNPATH_SEARCH_PATHS = (
					"$(inherited)",
					"@executable_path/Frameworks",
				);
				PRODUCT_BUNDLE_IDENTIFIER = "NapoleonIT.NIT-2-1";
				PRODUCT_NAME = "$(TARGET_NAME)";
				SWIFT_VERSION = 5.0;
				TARGETED_DEVICE_FAMILY = "1,2";
			};
			name = Debug;
		};
		EE31A4CC2562F64500429553 /* Release */ = {
			isa = XCBuildConfiguration;
			buildSettings = {
				ASSETCATALOG_COMPILER_APPICON_NAME = AppIcon;
				ASSETCATALOG_COMPILER_GLOBAL_ACCENT_COLOR_NAME = AccentColor;
				CODE_SIGN_STYLE = Automatic;
				INFOPLIST_FILE = NIT_2.1/Info.plist;
				LD_RUNPATH_SEARCH_PATHS = (
					"$(inherited)",
					"@executable_path/Frameworks",
				);
				PRODUCT_BUNDLE_IDENTIFIER = "NapoleonIT.NIT-2-1";
				PRODUCT_NAME = "$(TARGET_NAME)";
				SWIFT_VERSION = 5.0;
				TARGETED_DEVICE_FAMILY = "1,2";
			};
			name = Release;
		};
		EE31A4CE2562F64500429553 /* Debug */ = {
			isa = XCBuildConfiguration;
			buildSettings = {
				ALWAYS_EMBED_SWIFT_STANDARD_LIBRARIES = YES;
				BUNDLE_LOADER = "$(TEST_HOST)";
				CODE_SIGN_STYLE = Automatic;
				INFOPLIST_FILE = NIT_2.1Tests/Info.plist;
				IPHONEOS_DEPLOYMENT_TARGET = 14.0;
				LD_RUNPATH_SEARCH_PATHS = (
					"$(inherited)",
					"@executable_path/Frameworks",
					"@loader_path/Frameworks",
				);
				PRODUCT_BUNDLE_IDENTIFIER = "NapoleonIT.NIT-2-1Tests";
				PRODUCT_NAME = "$(TARGET_NAME)";
				SWIFT_VERSION = 5.0;
				TARGETED_DEVICE_FAMILY = "1,2";
				TEST_HOST = "$(BUILT_PRODUCTS_DIR)/NIT_2.1.app/NIT_2.1";
			};
			name = Debug;
		};
		EE31A4CF2562F64500429553 /* Release */ = {
			isa = XCBuildConfiguration;
			buildSettings = {
				ALWAYS_EMBED_SWIFT_STANDARD_LIBRARIES = YES;
				BUNDLE_LOADER = "$(TEST_HOST)";
				CODE_SIGN_STYLE = Automatic;
				INFOPLIST_FILE = NIT_2.1Tests/Info.plist;
				IPHONEOS_DEPLOYMENT_TARGET = 14.0;
				LD_RUNPATH_SEARCH_PATHS = (
					"$(inherited)",
					"@executable_path/Frameworks",
					"@loader_path/Frameworks",
				);
				PRODUCT_BUNDLE_IDENTIFIER = "NapoleonIT.NIT-2-1Tests";
				PRODUCT_NAME = "$(TARGET_NAME)";
				SWIFT_VERSION = 5.0;
				TARGETED_DEVICE_FAMILY = "1,2";
				TEST_HOST = "$(BUILT_PRODUCTS_DIR)/NIT_2.1.app/NIT_2.1";
			};
			name = Release;
		};
		EE31A4D12562F64500429553 /* Debug */ = {
			isa = XCBuildConfiguration;
			buildSettings = {
				ALWAYS_EMBED_SWIFT_STANDARD_LIBRARIES = YES;
				CODE_SIGN_STYLE = Automatic;
				INFOPLIST_FILE = NIT_2.1UITests/Info.plist;
				LD_RUNPATH_SEARCH_PATHS = (
					"$(inherited)",
					"@executable_path/Frameworks",
					"@loader_path/Frameworks",
				);
				PRODUCT_BUNDLE_IDENTIFIER = "NapoleonIT.NIT-2-1UITests";
				PRODUCT_NAME = "$(TARGET_NAME)";
				SWIFT_VERSION = 5.0;
				TARGETED_DEVICE_FAMILY = "1,2";
				TEST_TARGET_NAME = NIT_2.1;
			};
			name = Debug;
		};
		EE31A4D22562F64500429553 /* Release */ = {
			isa = XCBuildConfiguration;
			buildSettings = {
				ALWAYS_EMBED_SWIFT_STANDARD_LIBRARIES = YES;
				CODE_SIGN_STYLE = Automatic;
				INFOPLIST_FILE = NIT_2.1UITests/Info.plist;
				LD_RUNPATH_SEARCH_PATHS = (
					"$(inherited)",
					"@executable_path/Frameworks",
					"@loader_path/Frameworks",
				);
				PRODUCT_BUNDLE_IDENTIFIER = "NapoleonIT.NIT-2-1UITests";
				PRODUCT_NAME = "$(TARGET_NAME)";
				SWIFT_VERSION = 5.0;
				TARGETED_DEVICE_FAMILY = "1,2";
				TEST_TARGET_NAME = NIT_2.1;
			};
			name = Release;
		};
/* End XCBuildConfiguration section */

/* Begin XCConfigurationList section */
		EE31A49B2562F64000429553 /* Build configuration list for PBXProject "NIT_2.1" */ = {
			isa = XCConfigurationList;
			buildConfigurations = (
				EE31A4C82562F64500429553 /* Debug */,
				EE31A4C92562F64500429553 /* Release */,
			);
			defaultConfigurationIsVisible = 0;
			defaultConfigurationName = Release;
		};
		EE31A4CA2562F64500429553 /* Build configuration list for PBXNativeTarget "NIT_2.1" */ = {
			isa = XCConfigurationList;
			buildConfigurations = (
				EE31A4CB2562F64500429553 /* Debug */,
				EE31A4CC2562F64500429553 /* Release */,
			);
			defaultConfigurationIsVisible = 0;
			defaultConfigurationName = Release;
		};
		EE31A4CD2562F64500429553 /* Build configuration list for PBXNativeTarget "NIT_2.1Tests" */ = {
			isa = XCConfigurationList;
			buildConfigurations = (
				EE31A4CE2562F64500429553 /* Debug */,
				EE31A4CF2562F64500429553 /* Release */,
			);
			defaultConfigurationIsVisible = 0;
			defaultConfigurationName = Release;
		};
		EE31A4D02562F64500429553 /* Build configuration list for PBXNativeTarget "NIT_2.1UITests" */ = {
			isa = XCConfigurationList;
			buildConfigurations = (
				EE31A4D12562F64500429553 /* Debug */,
				EE31A4D22562F64500429553 /* Release */,
			);
			defaultConfigurationIsVisible = 0;
			defaultConfigurationName = Release;
		};
/* End XCConfigurationList section */
	};
	rootObject = EE31A4982562F64000429553 /* Project object */;
}
